
Microsoft Visual Studio Solution File, Format Version 12.00
# Visual Studio Version 17
VisualStudioVersion = 17.0.32014.148
MinimumVisualStudioVersion = 10.0.40219.1
Project("{FAE04EC0-301F-11D3-BF4B-00C04F79EFBC}") = "Market Management", "Hospital Manangment\Market Management.csproj", "{0856D95F-5CD0-4B39-8970-845D209C34E7}"
EndProject
Global
	GlobalSection(SolutionConfigurationPlatforms) = preSolution
		Debug|Any CPU = Debug|Any CPU
		Release|Any CPU = Release|Any CPU
	EndGlobalSection
	GlobalSection(ProjectConfigurationPlatforms) = postSolution
		{0856D95F-5CD0-4B39-8970-845D209C34E7}.Debug|Any CPU.ActiveCfg = Debug|Any CPU
		{0856D95F-5CD0-4B39-8970-845D209C34E7}.Debug|Any CPU.Build.0 = Debug|Any CPU
		{0856D95F-5CD0-4B39-8970-845D209C34E7}.Release|Any CPU.ActiveCfg = Release|Any CPU
		{0856D95F-5CD0-4B39-8970-845D209C34E7}.Release|Any CPU.Build.0 = Release|Any CPU
	EndGlobalSection
	GlobalSection(SolutionProperties) = preSolution
		HideSolutionNode = FALSE
	EndGlobalSection
	GlobalSection(ExtensibilityGlobals) = postSolution
		SolutionGuid = {F3D05002-0923-4254-8FF1-810DB896D979}
	EndGlobalSection
EndGlobal
